
Microsoft Visual Studio Solution File, Format Version 12.00
# Visual Studio 15
VisualStudioVersion = 15.0.28307.1000
MinimumVisualStudioVersion = 10.0.40219.1
Project("{FAE04EC0-301F-11D3-BF4B-00C04F79EFBC}") = "ConsoleApp15", "ConsoleApp15\ConsoleApp15.csproj", "{518EA4DD-DEAC-4607-BFF8-FA775CA52239}"
EndProject
Global
	GlobalSection(SolutionConfigurationPlatforms) = preSolution
		Debug|Any CPU = Debug|Any CPU
		Release|Any CPU = Release|Any CPU
	EndGlobalSection
	GlobalSection(ProjectConfigurationPlatforms) = postSolution
		{518EA4DD-DEAC-4607-BFF8-FA775CA52239}.Debug|Any CPU.ActiveCfg = Debug|Any CPU
		{518EA4DD-DEAC-4607-BFF8-FA775CA52239}.Debug|Any CPU.Build.0 = Debug|Any CPU
		{518EA4DD-DEAC-4607-BFF8-FA775CA52239}.Release|Any CPU.ActiveCfg = Release|Any CPU
		{518EA4DD-DEAC-4607-BFF8-FA775CA52239}.Release|Any CPU.Build.0 = Release|Any CPU
	EndGlobalSection
	GlobalSection(SolutionProperties) = preSolution
		HideSolutionNode = FALSE
	EndGlobalSection
	GlobalSection(ExtensibilityGlobals) = postSolution
		SolutionGuid = {8F259FE6-77A5-4F4F-9EE4-691AB4AB6256}
	EndGlobalSection
EndGlobal
